
Microsoft Visual Studio Solution File, Format Version 12.00
# Visual Studio Version 17
VisualStudioVersion = 17.4.33403.182
MinimumVisualStudioVersion = 10.0.40219.1
Project("{8BC9CEB8-8B4A-11D0-8D11-00A0C91BC942}") = "Engine", "Engine.vcxproj", "{88CF1B57-D278-4F59-844E-9B2D45FCBBB4}"
EndProject
Global
	GlobalSection(SolutionConfigurationPlatforms) = preSolution
		Debug|x64 = Debug|x64
		Debug|x86 = Debug|x86
		Release|x64 = Release|x64
		Release|x86 = Release|x86
	EndGlobalSection
	GlobalSection(ProjectConfigurationPlatforms) = postSolution
		{88CF1B57-D278-4F59-844E-9B2D45FCBBB4}.Debug|x64.ActiveCfg = Debug|x64
		{88CF1B57-D278-4F59-844E-9B2D45FCBBB4}.Debug|x64.Build.0 = Debug|x64
		{88CF1B57-D278-4F59-844E-9B2D45FCBBB4}.Debug|x86.ActiveCfg = Debug|Win32
		{88CF1B57-D278-4F59-844E-9B2D45FCBBB4}.Debug|x86.Build.0 = Debug|Win32
		{88CF1B57-D278-4F59-844E-9B2D45FCBBB4}.Release|x64.ActiveCfg = Release|x64
		{88CF1B57-D278-4F59-844E-9B2D45FCBBB4}.Release|x64.Build.0 = Release|x64
		{88CF1B57-D278-4F59-844E-9B2D45FCBBB4}.Release|x86.ActiveCfg = Release|Win32
		{88CF1B57-D278-4F59-844E-9B2D45FCBBB4}.Release|x86.Build.0 = Release|Win32
	EndGlobalSection
	GlobalSection(SolutionProperties) = preSolution
		HideSolutionNode = FALSE
	EndGlobalSection
	GlobalSection(ExtensibilityGlobals) = postSolution
		SolutionGuid = {46870383-95F4-480D-BE11-6FBD3AFFEB7E}
	EndGlobalSection
EndGlobal
